PODS:
  - RaLog (1.5.5)
  - SnapKit (5.6.0)
  - Then (3.0.0)

DEPENDENCIES:
  - RaLog (from `..`)
  - SnapKit
  - Then

SPEC REPOS:
  trunk:
    - SnapKit
    - Then

EXTERNAL SOURCES:
  RaLog:
    :path: ".."

SPEC CHECKSUMS:
  RaLog: d68acfa4dac1a0bbfe875f30c834e78625ab5314
  SnapKit: e01d52ebb8ddbc333eefe2132acf85c8227d9c25
  Then: 844265ae87834bbe1147d91d5d41a404da2ec27d

PODFILE CHECKSUM: de6e9da6966576a8b1ef1290f6e367cfe6602c29

COCOAPODS: 1.11.3
